
Microsoft Visual Studio Solution File, Format Version 12.00
# Visual Studio Version 17
VisualStudioVersion = 17.0.32112.339
MinimumVisualStudioVersion = 10.0.40219.1
Project("{FAE04EC0-301F-11D3-BF4B-00C04F79EFBC}") = "BeamLab.Places", "BeamLab.Places\BeamLab.Places.csproj", "{82DFCFBA-24FB-48DD-9402-91293538477A}"
EndProject
Global
	GlobalSection(SolutionConfigurationPlatforms) = preSolution
		Debug|Any CPU = Debug|Any CPU
		Release|Any CPU = Release|Any CPU
	EndGlobalSection
	GlobalSection(ProjectConfigurationPlatforms) = postSolution
		{82DFCFBA-24FB-48DD-9402-91293538477A}.Debug|Any CPU.ActiveCfg = Debug|Any CPU
		{82DFCFBA-24FB-48DD-9402-91293538477A}.Debug|Any CPU.Build.0 = Debug|Any CPU
		{82DFCFBA-24FB-48DD-9402-91293538477A}.Release|Any CPU.ActiveCfg = Release|Any CPU
		{82DFCFBA-24FB-48DD-9402-91293538477A}.Release|Any CPU.Build.0 = Release|Any CPU
	EndGlobalSection
	GlobalSection(SolutionProperties) = preSolution
		HideSolutionNode = FALSE
	EndGlobalSection
	GlobalSection(ExtensibilityGlobals) = postSolution
		SolutionGuid = {FF770350-DDE1-4055-9131-A20D272A69F0}
	EndGlobalSection
EndGlobal
